
Microsoft Visual Studio Solution File, Format Version 12.00
# Visual Studio Version 16
VisualStudioVersion = 16.0.30804.86
MinimumVisualStudioVersion = 10.0.40219.1
Project("{FAE04EC0-301F-11D3-BF4B-00C04F79EFBC}") = "84 - DLL Libraries and Namespaces", "84 - DLL Libraries and Namespaces\84 - DLL Libraries and Namespaces.csproj", "{39583927-3067-4AD7-922B-94582FBF758A}"
EndProject
Project("{FAE04EC0-301F-11D3-BF4B-00C04F79EFBC}") = "YB", "YB\YB.csproj", "{2F3E0E3F-56E7-4BAB-A166-FFBFD2C5B3BD}"
EndProject
Project("{FAE04EC0-301F-11D3-BF4B-00C04F79EFBC}") = "OB", "OB\OB.csproj", "{09A0B30E-BC5D-446F-975F-9F770E24FEC9}"
EndProject
Global
	GlobalSection(SolutionConfigurationPlatforms) = preSolution
		Debug|Any CPU = Debug|Any CPU
		Release|Any CPU = Release|Any CPU
	EndGlobalSection
	GlobalSection(ProjectConfigurationPlatforms) = postSolution
		{39583927-3067-4AD7-922B-94582FBF758A}.Debug|Any CPU.ActiveCfg = Debug|Any CPU
		{39583927-3067-4AD7-922B-94582FBF758A}.Debug|Any CPU.Build.0 = Debug|Any CPU
		{39583927-3067-4AD7-922B-94582FBF758A}.Release|Any CPU.ActiveCfg = Release|Any CPU
		{39583927-3067-4AD7-922B-94582FBF758A}.Release|Any CPU.Build.0 = Release|Any CPU
		{2F3E0E3F-56E7-4BAB-A166-FFBFD2C5B3BD}.Debug|Any CPU.ActiveCfg = Debug|Any CPU
		{2F3E0E3F-56E7-4BAB-A166-FFBFD2C5B3BD}.Debug|Any CPU.Build.0 = Debug|Any CPU
		{2F3E0E3F-56E7-4BAB-A166-FFBFD2C5B3BD}.Release|Any CPU.ActiveCfg = Release|Any CPU
		{2F3E0E3F-56E7-4BAB-A166-FFBFD2C5B3BD}.Release|Any CPU.Build.0 = Release|Any CPU
		{09A0B30E-BC5D-446F-975F-9F770E24FEC9}.Debug|Any CPU.ActiveCfg = Debug|Any CPU
		{09A0B30E-BC5D-446F-975F-9F770E24FEC9}.Debug|Any CPU.Build.0 = Debug|Any CPU
		{09A0B30E-BC5D-446F-975F-9F770E24FEC9}.Release|Any CPU.ActiveCfg = Release|Any CPU
		{09A0B30E-BC5D-446F-975F-9F770E24FEC9}.Release|Any CPU.Build.0 = Release|Any CPU
	EndGlobalSection
	GlobalSection(SolutionProperties) = preSolution
		HideSolutionNode = FALSE
	EndGlobalSection
	GlobalSection(ExtensibilityGlobals) = postSolution
		SolutionGuid = {B7776C2F-287E-4774-87D5-162D31B51EE1}
	EndGlobalSection
EndGlobal
