
Microsoft Visual Studio Solution File, Format Version 12.00
# Visual Studio Version 16
VisualStudioVersion = 16.0.30804.86
MinimumVisualStudioVersion = 10.0.40219.1
Project("{FAE04EC0-301F-11D3-BF4B-00C04F79EFBC}") = "Multicasting Delegate", "Multicasting Delegate\Multicasting Delegate.csproj", "{4A2F5395-20DF-4BC2-8FD1-E02CA048AED4}"
EndProject
Global
	GlobalSection(SolutionConfigurationPlatforms) = preSolution
		Debug|Any CPU = Debug|Any CPU
		Release|Any CPU = Release|Any CPU
	EndGlobalSection
	GlobalSection(ProjectConfigurationPlatforms) = postSolution
		{4A2F5395-20DF-4BC2-8FD1-E02CA048AED4}.Debug|Any CPU.ActiveCfg = Debug|Any CPU
		{4A2F5395-20DF-4BC2-8FD1-E02CA048AED4}.Debug|Any CPU.Build.0 = Debug|Any CPU
		{4A2F5395-20DF-4BC2-8FD1-E02CA048AED4}.Release|Any CPU.ActiveCfg = Release|Any CPU
		{4A2F5395-20DF-4BC2-8FD1-E02CA048AED4}.Release|Any CPU.Build.0 = Release|Any CPU
	EndGlobalSection
	GlobalSection(SolutionProperties) = preSolution
		HideSolutionNode = FALSE
	EndGlobalSection
	GlobalSection(ExtensibilityGlobals) = postSolution
		SolutionGuid = {7D08F6FE-8AC5-463D-B3FB-B07BA10E3FAE}
	EndGlobalSection
EndGlobal
