
Microsoft Visual Studio Solution File, Format Version 12.00
# Visual Studio Version 16
VisualStudioVersion = 16.0.30523.141
MinimumVisualStudioVersion = 10.0.40219.1
Project("{FAE04EC0-301F-11D3-BF4B-00C04F79EFBC}") = "Jagged arrays Challenge 24", "Jagged arrays Challenge 24\Jagged arrays Challenge 24.csproj", "{0AF4C9FB-2F5C-4308-84DE-EC54CA3C4125}"
EndProject
Global
	GlobalSection(SolutionConfigurationPlatforms) = preSolution
		Debug|Any CPU = Debug|Any CPU
		Release|Any CPU = Release|Any CPU
	EndGlobalSection
	GlobalSection(ProjectConfigurationPlatforms) = postSolution
		{0AF4C9FB-2F5C-4308-84DE-EC54CA3C4125}.Debug|Any CPU.ActiveCfg = Debug|Any CPU
		{0AF4C9FB-2F5C-4308-84DE-EC54CA3C4125}.Debug|Any CPU.Build.0 = Debug|Any CPU
		{0AF4C9FB-2F5C-4308-84DE-EC54CA3C4125}.Release|Any CPU.ActiveCfg = Release|Any CPU
		{0AF4C9FB-2F5C-4308-84DE-EC54CA3C4125}.Release|Any CPU.Build.0 = Release|Any CPU
	EndGlobalSection
	GlobalSection(SolutionProperties) = preSolution
		HideSolutionNode = FALSE
	EndGlobalSection
	GlobalSection(ExtensibilityGlobals) = postSolution
		SolutionGuid = {8E00371A-C0B0-4351-A229-8D161DD709FE}
	EndGlobalSection
EndGlobal
