
Microsoft Visual Studio Solution File, Format Version 12.00
# Visual Studio Version 16
VisualStudioVersion = 16.0.30804.86
MinimumVisualStudioVersion = 10.0.40219.1
Project("{FAE04EC0-301F-11D3-BF4B-00C04F79EFBC}") = "Revision on  36 And 37", "Revision on  36 And 37\Revision on  36 And 37.csproj", "{5AD76DB9-37F7-4610-A3F1-39D6905E5E5A}"
EndProject
Global
	GlobalSection(SolutionConfigurationPlatforms) = preSolution
		Debug|Any CPU = Debug|Any CPU
		Release|Any CPU = Release|Any CPU
	EndGlobalSection
	GlobalSection(ProjectConfigurationPlatforms) = postSolution
		{5AD76DB9-37F7-4610-A3F1-39D6905E5E5A}.Debug|Any CPU.ActiveCfg = Debug|Any CPU
		{5AD76DB9-37F7-4610-A3F1-39D6905E5E5A}.Debug|Any CPU.Build.0 = Debug|Any CPU
		{5AD76DB9-37F7-4610-A3F1-39D6905E5E5A}.Release|Any CPU.ActiveCfg = Release|Any CPU
		{5AD76DB9-37F7-4610-A3F1-39D6905E5E5A}.Release|Any CPU.Build.0 = Release|Any CPU
	EndGlobalSection
	GlobalSection(SolutionProperties) = preSolution
		HideSolutionNode = FALSE
	EndGlobalSection
	GlobalSection(ExtensibilityGlobals) = postSolution
		SolutionGuid = {7847ED77-4804-45BC-938B-6A089786CE3C}
	EndGlobalSection
EndGlobal
