
Microsoft Visual Studio Solution File, Format Version 12.00
# Visual Studio Version 16
VisualStudioVersion = 16.0.30523.141
MinimumVisualStudioVersion = 10.0.40219.1
Project("{FAE04EC0-301F-11D3-BF4B-00C04F79EFBC}") = "Input Methods In C Sharp and Challenge 19", "Input Methods In C Sharp and Challenge 19\Input Methods In C Sharp and Challenge 19.csproj", "{2493228E-4E75-4A18-8020-CB53233AAD53}"
EndProject
Global
	GlobalSection(SolutionConfigurationPlatforms) = preSolution
		Debug|Any CPU = Debug|Any CPU
		Release|Any CPU = Release|Any CPU
	EndGlobalSection
	GlobalSection(ProjectConfigurationPlatforms) = postSolution
		{2493228E-4E75-4A18-8020-CB53233AAD53}.Debug|Any CPU.ActiveCfg = Debug|Any CPU
		{2493228E-4E75-4A18-8020-CB53233AAD53}.Debug|Any CPU.Build.0 = Debug|Any CPU
		{2493228E-4E75-4A18-8020-CB53233AAD53}.Release|Any CPU.ActiveCfg = Release|Any CPU
		{2493228E-4E75-4A18-8020-CB53233AAD53}.Release|Any CPU.Build.0 = Release|Any CPU
	EndGlobalSection
	GlobalSection(SolutionProperties) = preSolution
		HideSolutionNode = FALSE
	EndGlobalSection
	GlobalSection(ExtensibilityGlobals) = postSolution
		SolutionGuid = {3529FE85-B327-496F-BCD5-91602089FC1B}
	EndGlobalSection
EndGlobal
