
Microsoft Visual Studio Solution File, Format Version 12.00
# Visual Studio Version 16
VisualStudioVersion = 16.0.30804.86
MinimumVisualStudioVersion = 10.0.40219.1
Project("{FAE04EC0-301F-11D3-BF4B-00C04F79EFBC}") = "Revision on 12, 21, 22 And 23", "Revision on 12, 21, 22 And 23\Revision on 12, 21, 22 And 23.csproj", "{252F0ADB-114F-48C8-82A8-09BE9BC31B3C}"
EndProject
Global
	GlobalSection(SolutionConfigurationPlatforms) = preSolution
		Debug|Any CPU = Debug|Any CPU
		Release|Any CPU = Release|Any CPU
	EndGlobalSection
	GlobalSection(ProjectConfigurationPlatforms) = postSolution
		{252F0ADB-114F-48C8-82A8-09BE9BC31B3C}.Debug|Any CPU.ActiveCfg = Debug|Any CPU
		{252F0ADB-114F-48C8-82A8-09BE9BC31B3C}.Debug|Any CPU.Build.0 = Debug|Any CPU
		{252F0ADB-114F-48C8-82A8-09BE9BC31B3C}.Release|Any CPU.ActiveCfg = Release|Any CPU
		{252F0ADB-114F-48C8-82A8-09BE9BC31B3C}.Release|Any CPU.Build.0 = Release|Any CPU
	EndGlobalSection
	GlobalSection(SolutionProperties) = preSolution
		HideSolutionNode = FALSE
	EndGlobalSection
	GlobalSection(ExtensibilityGlobals) = postSolution
		SolutionGuid = {7CBD1285-6070-4444-B4CA-DE1A65E1F43B}
	EndGlobalSection
EndGlobal
