
Microsoft Visual Studio Solution File, Format Version 12.00
# Visual Studio Version 16
VisualStudioVersion = 16.0.30804.86
MinimumVisualStudioVersion = 10.0.40219.1
Project("{FAE04EC0-301F-11D3-BF4B-00C04F79EFBC}") = "92 - Recursive Function and Challenge 32", "92 - Recursive Function and Challenge 32\92 - Recursive Function and Challenge 32.csproj", "{5C1ECA4D-2A93-4D0B-91EF-7B0BE5896EC1}"
EndProject
Global
	GlobalSection(SolutionConfigurationPlatforms) = preSolution
		Debug|Any CPU = Debug|Any CPU
		Release|Any CPU = Release|Any CPU
	EndGlobalSection
	GlobalSection(ProjectConfigurationPlatforms) = postSolution
		{5C1ECA4D-2A93-4D0B-91EF-7B0BE5896EC1}.Debug|Any CPU.ActiveCfg = Debug|Any CPU
		{5C1ECA4D-2A93-4D0B-91EF-7B0BE5896EC1}.Debug|Any CPU.Build.0 = Debug|Any CPU
		{5C1ECA4D-2A93-4D0B-91EF-7B0BE5896EC1}.Release|Any CPU.ActiveCfg = Release|Any CPU
		{5C1ECA4D-2A93-4D0B-91EF-7B0BE5896EC1}.Release|Any CPU.Build.0 = Release|Any CPU
	EndGlobalSection
	GlobalSection(SolutionProperties) = preSolution
		HideSolutionNode = FALSE
	EndGlobalSection
	GlobalSection(ExtensibilityGlobals) = postSolution
		SolutionGuid = {F37F053F-9C02-47A1-8978-9D2E9E61136C}
	EndGlobalSection
EndGlobal
