
Microsoft Visual Studio Solution File, Format Version 12.00
# Visual Studio Version 16
VisualStudioVersion = 16.0.30523.141
MinimumVisualStudioVersion = 10.0.40219.1
Project("{FAE04EC0-301F-11D3-BF4B-00C04F79EFBC}") = "Convert Command and Challenge 18", "Convert Command and Challenge 18\Convert Command and Challenge 18.csproj", "{46A25744-479E-462B-8C31-01576C0B1555}"
EndProject
Global
	GlobalSection(SolutionConfigurationPlatforms) = preSolution
		Debug|Any CPU = Debug|Any CPU
		Release|Any CPU = Release|Any CPU
	EndGlobalSection
	GlobalSection(ProjectConfigurationPlatforms) = postSolution
		{46A25744-479E-462B-8C31-01576C0B1555}.Debug|Any CPU.ActiveCfg = Debug|Any CPU
		{46A25744-479E-462B-8C31-01576C0B1555}.Debug|Any CPU.Build.0 = Debug|Any CPU
		{46A25744-479E-462B-8C31-01576C0B1555}.Release|Any CPU.ActiveCfg = Release|Any CPU
		{46A25744-479E-462B-8C31-01576C0B1555}.Release|Any CPU.Build.0 = Release|Any CPU
	EndGlobalSection
	GlobalSection(SolutionProperties) = preSolution
		HideSolutionNode = FALSE
	EndGlobalSection
	GlobalSection(ExtensibilityGlobals) = postSolution
		SolutionGuid = {BDA8E357-0C29-4F78-B54C-2DAFDB351047}
	EndGlobalSection
EndGlobal
